
Microsoft Visual Studio Solution File, Format Version 12.00
# Visual Studio Version 17
VisualStudioVersion = 17.9.34622.214
MinimumVisualStudioVersion = 10.0.40219.1
Project("{FAE04EC0-301F-11D3-BF4B-00C04F79EFBC}") = "WebApp", "WebApp\WebApp.csproj", "{F99B1E4B-878E-47AF-9C29-2C15368C72CB}"
EndProject
Global
	GlobalSection(SolutionConfigurationPlatforms) = preSolution
		Debug|Any CPU = Debug|Any CPU
		Release|Any CPU = Release|Any CPU
	EndGlobalSection
	GlobalSection(ProjectConfigurationPlatforms) = postSolution
		{F99B1E4B-878E-47AF-9C29-2C15368C72CB}.Debug|Any CPU.ActiveCfg = Debug|Any CPU
		{F99B1E4B-878E-47AF-9C29-2C15368C72CB}.Debug|Any CPU.Build.0 = Debug|Any CPU
		{F99B1E4B-878E-47AF-9C29-2C15368C72CB}.Release|Any CPU.ActiveCfg = Release|Any CPU
		{F99B1E4B-878E-47AF-9C29-2C15368C72CB}.Release|Any CPU.Build.0 = Release|Any CPU
	EndGlobalSection
	GlobalSection(SolutionProperties) = preSolution
		HideSolutionNode = FALSE
	EndGlobalSection
	GlobalSection(ExtensibilityGlobals) = postSolution
		SolutionGuid = {203C4AD9-71CC-4E78-8DB7-C4C97ADE694D}
	EndGlobalSection
EndGlobal
